// !$*UTF8*$!
{
	archiveVersion = 1;
	classes = {
	};
	objectVersion = 46;
	objects = {

/* Begin PBXBuildFile section */
		495853F8C677A7B4EFECCC37 /* Pods_PageRankiOS.framework in Frameworks */ = {isa = PBXBuildFile; fileRef = AFBB19230E734512FD96FE4B /* Pods_PageRankiOS.framework */; };
		753031CF1E8C3C3200984745 /* AppDelegate.swift in Sources */ = {isa = PBXBuildFile; fileRef = 753031CE1E8C3C3200984745 /* AppDelegate.swift */; };
		753031D11E8C3C3200984745 /* ViewController.swift in Sources */ = {isa = PBXBuildFile; fileRef = 753031D01E8C3C3200984745 /* ViewController.swift */; };
		753031D41E8C3C3200984745 /* Main.storyboard in Resources */ = {isa = PBXBuildFile; fileRef = 753031D21E8C3C3200984745 /* Main.storyboard */; };
		753031D61E8C3C3200984745 /* Assets.xcassets in Resources */ = {isa = PBXBuildFile; fileRef = 753031D51E8C3C3200984745 /* Assets.xcassets */; };
		753031D91E8C3C3200984745 /* LaunchScreen.storyboard in Resources */ = {isa = PBXBuildFile; fileRef = 753031D71E8C3C3200984745 /* LaunchScreen.storyboard */; };
		753031E11E8C459B00984745 /* Page.swift in Sources */ = {isa = PBXBuildFile; fileRef = 753031E01E8C459B00984745 /* Page.swift */; };
		753031E31E8C519000984745 /* Graph.swift in Sources */ = {isa = PBXBuildFile; fileRef = 753031E21E8C519000984745 /* Graph.swift */; };
		753031E51E8C55BC00984745 /* Constants.swift in Sources */ = {isa = PBXBuildFile; fileRef = 753031E41E8C55BC00984745 /* Constants.swift */; };
		753031E71E8C593200984745 /* NetMgr.swift in Sources */ = {isa = PBXBuildFile; fileRef = 753031E61E8C593200984745 /* NetMgr.swift */; };
		753031E91E8C619F00984745 /* PRMgr.swift in Sources */ = {isa = PBXBuildFile; fileRef = 753031E81E8C619F00984745 /* PRMgr.swift */; };
		753031EB1E8C87A000984745 /* CustomTableViewCell.swift in Sources */ = {isa = PBXBuildFile; fileRef = 753031EA1E8C87A000984745 /* CustomTableViewCell.swift */; };
		753AF1BC1E917EC800F97394 /* PageViewController.swift in Sources */ = {isa = PBXBuildFile; fileRef = 753AF1BB1E917EC800F97394 /* PageViewController.swift */; };
/* End PBXBuildFile section */

/* Begin PBXFileReference section */
		007AFCA94F173301BC1AAD6E /* Pods-PageRankiOS.release.xcconfig */ = {isa = PBXFileReference; includeInIndex = 1; lastKnownFileType = text.xcconfig; name = "Pods-PageRankiOS.release.xcconfig"; path = "Pods/Target Support Files/Pods-PageRankiOS/Pods-PageRankiOS.release.xcconfig"; sourceTree = "<group>"; };
		753031CB1E8C3C3200984745 /* PageRankiOS.app */ = {isa = PBXFileReference; explicitFileType = wrapper.application; includeInIndex = 0; path = PageRankiOS.app; sourceTree = BUILT_PRODUCTS_DIR; };
		753031CE1E8C3C3200984745 /* AppDelegate.swift */ = {isa = PBXFileReference; lastKnownFileType = sourcecode.swift; path = AppDelegate.swift; sourceTree = "<group>"; };
		753031D01E8C3C3200984745 /* ViewController.swift */ = {isa = PBXFileReference; lastKnownFileType = sourcecode.swift; path = ViewController.swift; sourceTree = "<group>"; };
		753031D31E8C3C3200984745 /* Base */ = {isa = PBXFileReference; lastKnownFileType = file.storyboard; name = Base; path = Base.lproj/Main.storyboard; sourceTree = "<group>"; };
		753031D51E8C3C3200984745 /* Assets.xcassets */ = {isa = PBXFileReference; lastKnownFileType = folder.assetcatalog; path = Assets.xcassets; sourceTree = "<group>"; };
		753031D81E8C3C3200984745 /* Base */ = {isa = PBXFileReference; lastKnownFileType = file.storyboard; name = Base; path = Base.lproj/LaunchScreen.storyboard; sourceTree = "<group>"; };
		753031DA1E8C3C3200984745 /* Info.plist */ = {isa = PBXFileReference; lastKnownFileType = text.plist.xml; path = Info.plist; sourceTree = "<group>"; };
		753031E01E8C459B00984745 /* Page.swift */ = {isa = PBXFileReference; fileEncoding = 4; lastKnownFileType = sourcecode.swift; path = Page.swift; sourceTree = "<group>"; };
		753031E21E8C519000984745 /* Graph.swift */ = {isa = PBXFileReference; fileEncoding = 4; lastKnownFileType = sourcecode.swift; path = Graph.swift; sourceTree = "<group>"; };
		753031E41E8C55BC00984745 /* Constants.swift */ = {isa = PBXFileReference; fileEncoding = 4; lastKnownFileType = sourcecode.swift; path = Constants.swift; sourceTree = "<group>"; };
		753031E61E8C593200984745 /* NetMgr.swift */ = {isa = PBXFileReference; fileEncoding = 4; lastKnownFileType = sourcecode.swift; path = NetMgr.swift; sourceTree = "<group>"; };
		753031E81E8C619F00984745 /* PRMgr.swift */ = {isa = PBXFileReference; fileEncoding = 4; lastKnownFileType = sourcecode.swift; path = PRMgr.swift; sourceTree = "<group>"; };
		753031EA1E8C87A000984745 /* CustomTableViewCell.swift */ = {isa = PBXFileReference; fileEncoding = 4; lastKnownFileType = sourcecode.swift; path = CustomTableViewCell.swift; sourceTree = "<group>"; };
		753AF1BB1E917EC800F97394 /* PageViewController.swift */ = {isa = PBXFileReference; fileEncoding = 4; lastKnownFileType = sourcecode.swift; path = PageViewController.swift; sourceTree = "<group>"; };
		AFBB19230E734512FD96FE4B /* Pods_PageRankiOS.framework */ = {isa = PBXFileReference; explicitFileType = wrapper.framework; includeInIndex = 0; path = Pods_PageRankiOS.framework; sourceTree = BUILT_PRODUCTS_DIR; };
		CF3C76ABCBFD8FD3AA01495B /* Pods-PageRankiOS.debug.xcconfig */ = {isa = PBXFileReference; includeInIndex = 1; lastKnownFileType = text.xcconfig; name = "Pods-PageRankiOS.debug.xcconfig"; path = "Pods/Target Support Files/Pods-PageRankiOS/Pods-PageRankiOS.debug.xcconfig"; sourceTree = "<group>"; };
/* End PBXFileReference section */

/* Begin PBXFrameworksBuildPhase section */
		753031C81E8C3C3200984745 /* Frameworks */ = {
			isa = PBXFrameworksBuildPhase;
			buildActionMask = 2147483647;
			files = (
				495853F8C677A7B4EFECCC37 /* Pods_PageRankiOS.framework in Frameworks */,
			);
			runOnlyForDeploymentPostprocessing = 0;
		};
/* End PBXFrameworksBuildPhase section */

/* Begin PBXGroup section */
		5E40E25983B1A019377CCDE2 /* Frameworks */ = {
			isa = PBXGroup;
			children = (
				AFBB19230E734512FD96FE4B /* Pods_PageRankiOS.framework */,
			);
			name = Frameworks;
			sourceTree = "<group>";
		};
		6700EA6E2E3F07CEA63BB27C /* Pods */ = {
			isa = PBXGroup;
			children = (
				CF3C76ABCBFD8FD3AA01495B /* Pods-PageRankiOS.debug.xcconfig */,
				007AFCA94F173301BC1AAD6E /* Pods-PageRankiOS.release.xcconfig */,
			);
			name = Pods;
			sourceTree = "<group>";
		};
		753031C21E8C3C3200984745 = {
			isa = PBXGroup;
			children = (
				753031CD1E8C3C3200984745 /* PageRankiOS */,
				753031CC1E8C3C3200984745 /* Products */,
				6700EA6E2E3F07CEA63BB27C /* Pods */,
				5E40E25983B1A019377CCDE2 /* Frameworks */,
			);
			sourceTree = "<group>";
		};
		753031CC1E8C3C3200984745 /* Products */ = {
			isa = PBXGroup;
			children = (
				753031CB1E8C3C3200984745 /* PageRankiOS.app */,
			);
			name = Products;
			sourceTree = "<group>";
		};
		753031CD1E8C3C3200984745 /* PageRankiOS */ = {
			isa = PBXGroup;
			children = (
				759CD0591E8FECD100A73835 /* View */,
				759CD0581E8FECA600A73835 /* Models */,
				753031CE1E8C3C3200984745 /* AppDelegate.swift */,
				753031D01E8C3C3200984745 /* ViewController.swift */,
				753AF1BB1E917EC800F97394 /* PageViewController.swift */,
				753031E61E8C593200984745 /* NetMgr.swift */,
				753031E81E8C619F00984745 /* PRMgr.swift */,
				753031E41E8C55BC00984745 /* Constants.swift */,
				753031DA1E8C3C3200984745 /* Info.plist */,
			);
			path = PageRankiOS;
			sourceTree = "<group>";
		};
		759CD0581E8FECA600A73835 /* Models */ = {
			isa = PBXGroup;
			children = (
				753031E01E8C459B00984745 /* Page.swift */,
				753031E21E8C519000984745 /* Graph.swift */,
			);
			name = Models;
			sourceTree = "<group>";
		};
		759CD0591E8FECD100A73835 /* View */ = {
			isa = PBXGroup;
			children = (
				753031EA1E8C87A000984745 /* CustomTableViewCell.swift */,
				753031D21E8C3C3200984745 /* Main.storyboard */,
				753031D51E8C3C3200984745 /* Assets.xcassets */,
				753031D71E8C3C3200984745 /* LaunchScreen.storyboard */,
			);
			name = View;
			sourceTree = "<group>";
		};
/* End PBXGroup section */

/* Begin PBXNativeTarget section */
		753031CA1E8C3C3200984745 /* PageRankiOS */ = {
			isa = PBXNativeTarget;
			buildConfigurationList = 753031DD1E8C3C3200984745 /* Build configuration list for PBXNativeTarget "PageRankiOS" */;
			buildPhases = (
				85A2642CDF47C856EEA5B3E4 /* [CP] Check Pods Manifest.lock */,
				753031C71E8C3C3200984745 /* Sources */,
				753031C81E8C3C3200984745 /* Frameworks */,
				753031C91E8C3C3200984745 /* Resources */,
				423E04C1BDDE6CDEFF45E35D /* [CP] Embed Pods Frameworks */,
				FEAC239A23B7AAE3DB087685 /* [CP] Copy Pods Resources */,
			);
			buildRules = (
			);
			dependencies = (
			);
			name = PageRankiOS;
			productName = PageRankiOS;
			productReference = 753031CB1E8C3C3200984745 /* PageRankiOS.app */;
			productType = "com.apple.product-type.application";
		};
/* End PBXNativeTarget section */

/* Begin PBXProject section */
		753031C31E8C3C3200984745 /* Project object */ = {
			isa = PBXProject;
			attributes = {
				LastSwiftUpdateCheck = 0830;
				LastUpgradeCheck = 0830;
				ORGANIZATIONNAME = "Артур Сагидулин";
				TargetAttributes = {
					753031CA1E8C3C3200984745 = {
						CreatedOnToolsVersion = 8.3;
						ProvisioningStyle = Automatic;
					};
				};
			};
			buildConfigurationList = 753031C61E8C3C3200984745 /* Build configuration list for PBXProject "PageRankiOS" */;
			compatibilityVersion = "Xcode 3.2";
			developmentRegion = English;
			hasScannedForEncodings = 0;
			knownRegions = (
				en,
				Base,
			);
			mainGroup = 753031C21E8C3C3200984745;
			productRefGroup = 753031CC1E8C3C3200984745 /* Products */;
			projectDirPath = "";
			projectRoot = "";
			targets = (
				753031CA1E8C3C3200984745 /* PageRankiOS */,
			);
		};
/* End PBXProject section */

/* Begin PBXResourcesBuildPhase section */
		753031C91E8C3C3200984745 /* Resources */ = {
			isa = PBXResourcesBuildPhase;
			buildActionMask = 2147483647;
			files = (
				753031D91E8C3C3200984745 /* LaunchScreen.storyboard in Resources */,
				753031D61E8C3C3200984745 /* Assets.xcassets in Resources */,
				753031D41E8C3C3200984745 /* Main.storyboard in Resources */,
			);
			runOnlyForDeploymentPostprocessing = 0;
		};
/* End PBXResourcesBuildPhase section */

/* Begin PBXShellScriptBuildPhase section */
		423E04C1BDDE6CDEFF45E35D /* [CP] Embed Pods Frameworks */ = {
			isa = PBXShellScriptBuildPhase;
			buildActionMask = 2147483647;
			files = (
			);
			inputPaths = (
			);
			name = "[CP] Embed Pods Frameworks";
			outputPaths = (
			);
			runOnlyForDeploymentPostprocessing = 0;
			shellPath = /bin/sh;
			shellScript = "\"${SRCROOT}/Pods/Target Support Files/Pods-PageRankiOS/Pods-PageRankiOS-frameworks.sh\"\n";
			showEnvVarsInLog = 0;
		};
		85A2642CDF47C856EEA5B3E4 /* [CP] Check Pods Manifest.lock */ = {
			isa = PBXShellScriptBuildPhase;
			buildActionMask = 2147483647;
			files = (
			);
			inputPaths = (
			);
			name = "[CP] Check Pods Manifest.lock";
			outputPaths = (
			);
			runOnlyForDeploymentPostprocessing = 0;
			shellPath = /bin/sh;
			shellScript = "diff \"${PODS_ROOT}/../Podfile.lock\" \"${PODS_ROOT}/Manifest.lock\" > /dev/null\nif [ $? != 0 ] ; then\n    # print error to STDERR\n    echo \"error: The sandbox is not in sync with the Podfile.lock. Run 'pod install' or update your CocoaPods installation.\" >&2\n    exit 1\nfi\n";
			showEnvVarsInLog = 0;
		};
		FEAC239A23B7AAE3DB087685 /* [CP] Copy Pods Resources */ = {
			isa = PBXShellScriptBuildPhase;
			buildActionMask = 2147483647;
			files = (
			);
			inputPaths = (
			);
			name = "[CP] Copy Pods Resources";
			outputPaths = (
			);
			runOnlyForDeploymentPostprocessing = 0;
			shellPath = /bin/sh;
			shellScript = "\"${SRCROOT}/Pods/Target Support Files/Pods-PageRankiOS/Pods-PageRankiOS-resources.sh\"\n";
			showEnvVarsInLog = 0;
		};
/* End PBXShellScriptBuildPhase section */

/* Begin PBXSourcesBuildPhase section */
		753031C71E8C3C3200984745 /* Sources */ = {
			isa = PBXSourcesBuildPhase;
			buildActionMask = 2147483647;
			files = (
				753031E71E8C593200984745 /* NetMgr.swift in Sources */,
				753031E51E8C55BC00984745 /* Constants.swift in Sources */,
				753031EB1E8C87A000984745 /* CustomTableViewCell.swift in Sources */,
				753031E31E8C519000984745 /* Graph.swift in Sources */,
				753031E11E8C459B00984745 /* Page.swift in Sources */,
				753031E91E8C619F00984745 /* PRMgr.swift in Sources */,
				753AF1BC1E917EC800F97394 /* PageViewController.swift in Sources */,
				753031D11E8C3C3200984745 /* ViewController.swift in Sources */,
				753031CF1E8C3C3200984745 /* AppDelegate.swift in Sources */,
			);
			runOnlyForDeploymentPostprocessing = 0;
		};
/* End PBXSourcesBuildPhase section */

/* Begin PBXVariantGroup section */
		753031D21E8C3C3200984745 /* Main.storyboard */ = {
			isa = PBXVariantGroup;
			children = (
				753031D31E8C3C3200984745 /* Base */,
			);
			name = Main.storyboard;
			sourceTree = "<group>";
		};
		753031D71E8C3C3200984745 /* LaunchScreen.storyboard */ = {
			isa = PBXVariantGroup;
			children = (
				753031D81E8C3C3200984745 /* Base */,
			);
			name = LaunchScreen.storyboard;
			sourceTree = "<group>";
		};
/* End PBXVariantGroup section */

/* Begin XCBuildConfiguration section */
		753031DB1E8C3C3200984745 /* Debug */ = {
			isa = XCBuildConfiguration;
			buildSettings = {
				ALWAYS_SEARCH_USER_PATHS = NO;
				CLANG_ANALYZER_NONNULL = YES;
				CLANG_ANALYZER_NUMBER_OBJECT_CONVERSION = YES_AGGRESSIVE;
				CLANG_CXX_LANGUAGE_STANDARD = "gnu++0x";
				CLANG_CXX_LIBRARY = "libc++";
				CLANG_ENABLE_MODULES = YES;
				CLANG_ENABLE_OBJC_ARC = YES;
				CLANG_WARN_BOOL_CONVERSION = YES;
				CLANG_WARN_CONSTANT_CONVERSION = YES;
				CLANG_WARN_DIRECT_OBJC_ISA_USAGE = YES_ERROR;
				CLANG_WARN_DOCUMENTATION_COMMENTS = YES;
				CLANG_WARN_EMPTY_BODY = YES;
				CLANG_WARN_ENUM_CONVERSION = YES;
				CLANG_WARN_INFINITE_RECURSION = YES;
				CLANG_WARN_INT_CONVERSION = YES;
				CLANG_WARN_OBJC_ROOT_CLASS = YES_ERROR;
				CLANG_WARN_SUSPICIOUS_MOVE = YES;
				CLANG_WARN_UNREACHABLE_CODE = YES;
				CLANG_WARN__DUPLICATE_METHOD_MATCH = YES;
				"CODE_SIGN_IDENTITY[sdk=iphoneos*]" = "iPhone Developer";
				COPY_PHASE_STRIP = NO;
				DEBUG_INFORMATION_FORMAT = dwarf;
				ENABLE_STRICT_OBJC_MSGSEND = YES;
				ENABLE_TESTABILITY = YES;
				GCC_C_LANGUAGE_STANDARD = gnu99;
				GCC_DYNAMIC_NO_PIC = NO;
				GCC_NO_COMMON_BLOCKS = YES;
				GCC_OPTIMIZATION_LEVEL = 0;
				GCC_PREPROCESSOR_DEFINITIONS = (
					"DEBUG=1",
					"$(inherited)",
				);
				GCC_WARN_64_TO_32_BIT_CONVERSION = YES;
				GCC_WARN_ABOUT_RETURN_TYPE = YES_ERROR;
				GCC_WARN_UNDECLARED_SELECTOR = YES;
				GCC_WARN_UNINITIALIZED_AUTOS = YES_AGGRESSIVE;
				GCC_WARN_UNUSED_FUNCTION = YES;
				GCC_WARN_UNUSED_VARIABLE = YES;
				IPHONEOS_DEPLOYMENT_TARGET = 10.3;
				MTL_ENABLE_DEBUG_INFO = YES;
				ONLY_ACTIVE_ARCH = YES;
				SDKROOT = iphoneos;
				SWIFT_ACTIVE_COMPILATION_CONDITIONS = DEBUG;
				SWIFT_OPTIMIZATION_LEVEL = "-Onone";
			};
			name = Debug;
		};
		753031DC1E8C3C3200984745 /* Release */ = {
			isa = XCBuildConfiguration;
			buildSettings = {
				ALWAYS_SEARCH_USER_PATHS = NO;
				CLANG_ANALYZER_NONNULL = YES;
				CLANG_ANALYZER_NUMBER_OBJECT_CONVERSION = YES_AGGRESSIVE;
				CLANG_CXX_LANGUAGE_STANDARD = "gnu++0x";
				CLANG_CXX_LIBRARY = "libc++";
				CLANG_ENABLE_MODULES = YES;
				CLANG_ENABLE_OBJC_ARC = YES;
				CLANG_WARN_BOOL_CONVERSION = YES;
				CLANG_WARN_CONSTANT_CONVERSION = YES;
				CLANG_WARN_DIRECT_OBJC_ISA_USAGE = YES_ERROR;
				CLANG_WARN_DOCUMENTATION_COMMENTS = YES;
				CLANG_WARN_EMPTY_BODY = YES;
				CLANG_WARN_ENUM_CONVERSION = YES;
				CLANG_WARN_INFINITE_RECURSION = YES;
				CLANG_WARN_INT_CONVERSION = YES;
				CLANG_WARN_OBJC_ROOT_CLASS = YES_ERROR;
				CLANG_WARN_SUSPICIOUS_MOVE = YES;
				CLANG_WARN_UNREACHABLE_CODE = YES;
				CLANG_WARN__DUPLICATE_METHOD_MATCH = YES;
				"CODE_SIGN_IDENTITY[sdk=iphoneos*]" = "iPhone Developer";
				COPY_PHASE_STRIP = NO;
				DEBUG_INFORMATION_FORMAT = "dwarf-with-dsym";
				ENABLE_NS_ASSERTIONS = NO;
				ENABLE_STRICT_OBJC_MSGSEND = YES;
				GCC_C_LANGUAGE_STANDARD = gnu99;
				GCC_NO_COMMON_BLOCKS = YES;
				GCC_WARN_64_TO_32_BIT_CONVERSION = YES;
				GCC_WARN_ABOUT_RETURN_TYPE = YES_ERROR;
				GCC_WARN_UNDECLARED_SELECTOR = YES;
				GCC_WARN_UNINITIALIZED_AUTOS = YES_AGGRESSIVE;
				GCC_WARN_UNUSED_FUNCTION = YES;
				GCC_WARN_UNUSED_VARIABLE = YES;
				IPHONEOS_DEPLOYMENT_TARGET = 10.3;
				MTL_ENABLE_DEBUG_INFO = NO;
				SDKROOT = iphoneos;
				SWIFT_OPTIMIZATION_LEVEL = "-Owholemodule";
				VALIDATE_PRODUCT = YES;
			};
			name = Release;
		};
		753031DE1E8C3C3200984745 /* Debug */ = {
			isa = XCBuildConfiguration;
			baseConfigurationReference = CF3C76ABCBFD8FD3AA01495B /* Pods-PageRankiOS.debug.xcconfig */;
			buildSettings = {
				ASSETCATALOG_COMPILER_APPICON_NAME = AppIcon;
				INFOPLIST_FILE = PageRankiOS/Info.plist;
				LD_RUNPATH_SEARCH_PATHS = "$(inherited) @executable_path/Frameworks";
				PRODUCT_BUNDLE_IDENTIFIER = theArthur.PageRankiOS;
				PRODUCT_NAME = "$(TARGET_NAME)";
				SWIFT_VERSION = 3.0;
			};
			name = Debug;
		};
		753031DF1E8C3C3200984745 /* Release */ = {
			isa = XCBuildConfiguration;
			baseConfigurationReference = 007AFCA94F173301BC1AAD6E /* Pods-PageRankiOS.release.xcconfig */;
			buildSettings = {
				ASSETCATALOG_COMPILER_APPICON_NAME = AppIcon;
				INFOPLIST_FILE = PageRankiOS/Info.plist;
				LD_RUNPATH_SEARCH_PATHS = "$(inherited) @executable_path/Frameworks";
				PRODUCT_BUNDLE_IDENTIFIER = theArthur.PageRankiOS;
				PRODUCT_NAME = "$(TARGET_NAME)";
				SWIFT_VERSION = 3.0;
			};
			name = Release;
		};
/* End XCBuildConfiguration section */

/* Begin XCConfigurationList section */
		753031C61E8C3C3200984745 /* Build configuration list for PBXProject "PageRankiOS" */ = {
			isa = XCConfigurationList;
			buildConfigurations = (
				753031DB1E8C3C3200984745 /* Debug */,
				753031DC1E8C3C3200984745 /* Release */,
			);
			defaultConfigurationIsVisible = 0;
			defaultConfigurationName = Release;
		};
		753031DD1E8C3C3200984745 /* Build configuration list for PBXNativeTarget "PageRankiOS" */ = {
			isa = XCConfigurationList;
			buildConfigurations = (
				753031DE1E8C3C3200984745 /* Debug */,
				753031DF1E8C3C3200984745 /* Release */,
			);
			defaultConfigurationIsVisible = 0;
			defaultConfigurationName = Release;
		};
/* End XCConfigurationList section */
	};
	rootObject = 753031C31E8C3C3200984745 /* Project object */;
}
